
Microsoft Visual Studio Solution File, Format Version 12.00
Project("{2150E333-8FDC-42A3-9474-1A3956D46DE8}") = "src", "src", "{343FB6BA-7968-4225-A5DC-FE8129CC866E}"
EndProject
Project("{2150E333-8FDC-42A3-9474-1A3956D46DE8}") = "test", "test", "{36956070-5F1E-4B3F-BDBA-57251ECBBFBB}"
EndProject
Project("{2150E333-8FDC-42A3-9474-1A3956D46DE8}") = "common", "common", "{39ED89F9-675E-4D7F-BB31-A9685023F3F8}"
	ProjectSection(SolutionItems) = preProject
		.editorconfig = .editorconfig
		.gitignore = .gitignore
		Directory.Packages.props = Directory.Packages.props
		Directory.Build.props = Directory.Build.props
		docker-compose.yml = docker-compose.yml
		README.md = README.md
	EndProjectSection
EndProject
Project("{2150E333-8FDC-42A3-9474-1A3956D46DE8}") = ".gihub", ".gihub", "{A48DC15A-3BF3-493E-B000-926701F5784B}"
EndProject
Project("{2150E333-8FDC-42A3-9474-1A3956D46DE8}") = "workflows", "workflows", "{60E66412-DD18-40BD-87B4-B36EE8D937AB}"
	ProjectSection(SolutionItems) = preProject
		.github\workflows\ci.yaml = .github\workflows\ci.yaml
	EndProjectSection
EndProject
Project("{2150E333-8FDC-42A3-9474-1A3956D46DE8}") = "e2e", "e2e", "{66155735-E9C5-4447-9119-C0AAECA95B5F}"
EndProject
Project("{2150E333-8FDC-42A3-9474-1A3956D46DE8}") = "Unit", "Unit", "{194E0DC7-6449-4B12-AF95-A59ABA08452B}"
EndProject
Project("{2150E333-8FDC-42A3-9474-1A3956D46DE8}") = "Integrational", "Integrational", "{C5BDFC84-3D88-4331-B54C-BBC9255AEE72}"
EndProject
Project("{2150E333-8FDC-42A3-9474-1A3956D46DE8}") = "fe", "fe", "{5FC93747-FE09-4CB9-B761-171D52A29A8B}"
EndProject
Project("{2150E333-8FDC-42A3-9474-1A3956D46DE8}") = "be", "be", "{238582D9-1BE8-4B55-9304-04B9E9D30E1D}"
EndProject
Project("{2150E333-8FDC-42A3-9474-1A3956D46DE8}") = "an", "an", "{C4F613FA-5052-49DE-B031-1D5930BCF1EB}"
EndProject
Project("{2150E333-8FDC-42A3-9474-1A3956D46DE8}") = "infra", "infra", "{E6E3F4BE-A69D-45EB-9FE0-55E932657AA9}"
EndProject
Global
	GlobalSection(SolutionConfigurationPlatforms) = preSolution
		Debug|Any CPU = Debug|Any CPU
		Release|Any CPU = Release|Any CPU
	EndGlobalSection
	GlobalSection(NestedProjects) = preSolution
		{60E66412-DD18-40BD-87B4-B36EE8D937AB} = {A48DC15A-3BF3-493E-B000-926701F5784B}
		{66155735-E9C5-4447-9119-C0AAECA95B5F} = {36956070-5F1E-4B3F-BDBA-57251ECBBFBB}
		{194E0DC7-6449-4B12-AF95-A59ABA08452B} = {36956070-5F1E-4B3F-BDBA-57251ECBBFBB}
		{C5BDFC84-3D88-4331-B54C-BBC9255AEE72} = {36956070-5F1E-4B3F-BDBA-57251ECBBFBB}
		{5FC93747-FE09-4CB9-B761-171D52A29A8B} = {343FB6BA-7968-4225-A5DC-FE8129CC866E}
		{238582D9-1BE8-4B55-9304-04B9E9D30E1D} = {343FB6BA-7968-4225-A5DC-FE8129CC866E}
		{C4F613FA-5052-49DE-B031-1D5930BCF1EB} = {343FB6BA-7968-4225-A5DC-FE8129CC866E}
		{E6E3F4BE-A69D-45EB-9FE0-55E932657AA9} = {343FB6BA-7968-4225-A5DC-FE8129CC866E}
	EndGlobalSection
EndGlobal
